
Microsoft Visual Studio Solution File, Format Version 12.00
# Visual Studio Version 16
VisualStudioVersion = 16.0.32126.315
MinimumVisualStudioVersion = 10.0.40219.1
Project("{8BC9CEB8-8B4A-11D0-8D11-00A0C91BC942}") = "Blood_Bank", "Blood_Bank\Blood_Bank.vcxproj", "{3733D760-C279-49FA-A488-D7FE391C3E10}"
EndProject
Global
	GlobalSection(SolutionConfigurationPlatforms) = preSolution
		Debug|x64 = Debug|x64
		Debug|x86 = Debug|x86
		Release|x64 = Release|x64
		Release|x86 = Release|x86
	EndGlobalSection
	GlobalSection(ProjectConfigurationPlatforms) = postSolution
		{3733D760-C279-49FA-A488-D7FE391C3E10}.Debug|x64.ActiveCfg = Debug|x64
		{3733D760-C279-49FA-A488-D7FE391C3E10}.Debug|x64.Build.0 = Debug|x64
		{3733D760-C279-49FA-A488-D7FE391C3E10}.Debug|x86.ActiveCfg = Debug|Win32
		{3733D760-C279-49FA-A488-D7FE391C3E10}.Debug|x86.Build.0 = Debug|Win32
		{3733D760-C279-49FA-A488-D7FE391C3E10}.Release|x64.ActiveCfg = Release|x64
		{3733D760-C279-49FA-A488-D7FE391C3E10}.Release|x64.Build.0 = Release|x64
		{3733D760-C279-49FA-A488-D7FE391C3E10}.Release|x86.ActiveCfg = Release|Win32
		{3733D760-C279-49FA-A488-D7FE391C3E10}.Release|x86.Build.0 = Release|Win32
	EndGlobalSection
	GlobalSection(SolutionProperties) = preSolution
		HideSolutionNode = FALSE
	EndGlobalSection
	GlobalSection(ExtensibilityGlobals) = postSolution
		SolutionGuid = {49F9FFF4-CB6E-4527-A66A-8EE339EFBBA5}
	EndGlobalSection
EndGlobal
